
Microsoft Visual Studio Solution File, Format Version 12.00
# Visual Studio Version 17
VisualStudioVersion = 17.14.36518.9 d17.14
MinimumVisualStudioVersion = 10.0.40219.1
Project("{FAE04EC0-301F-11D3-BF4B-00C04F79EFBC}") = "MauiAppMinhasCompras", "MauiAppMinhasCompras\MauiAppMinhasCompras.csproj", "{86C7E782-6E06-4D6F-9A0D-CCB29F241948}"
EndProject
Global
	GlobalSection(SolutionConfigurationPlatforms) = preSolution
		Debug|Any CPU = Debug|Any CPU
		Release|Any CPU = Release|Any CPU
	EndGlobalSection
	GlobalSection(ProjectConfigurationPlatforms) = postSolution
		{86C7E782-6E06-4D6F-9A0D-CCB29F241948}.Debug|Any CPU.ActiveCfg = Debug|Any CPU
		{86C7E782-6E06-4D6F-9A0D-CCB29F241948}.Debug|Any CPU.Build.0 = Debug|Any CPU
		{86C7E782-6E06-4D6F-9A0D-CCB29F241948}.Release|Any CPU.ActiveCfg = Release|Any CPU
		{86C7E782-6E06-4D6F-9A0D-CCB29F241948}.Release|Any CPU.Build.0 = Release|Any CPU
	EndGlobalSection
	GlobalSection(SolutionProperties) = preSolution
		HideSolutionNode = FALSE
	EndGlobalSection
	GlobalSection(ExtensibilityGlobals) = postSolution
		SolutionGuid = {7ACB2305-2A5A-468A-B90B-7A622FDE7C69}
	EndGlobalSection
EndGlobal
